
Microsoft Visual Studio Solution File, Format Version 12.00
# Visual Studio 15
VisualStudioVersion = 15.0.27130.2036
MinimumVisualStudioVersion = 10.0.40219.1
Project("{FAE04EC0-301F-11D3-BF4B-00C04F79EFBC}") = "ComicBookGallery", "ComicBookGallery\ComicBookGallery.csproj", "{C63D7345-91B7-4EBB-B42A-9D7657199A1D}"
EndProject
Project("{FAE04EC0-301F-11D3-BF4B-00C04F79EFBC}") = "ComicBookGallery.Tests", "ComicBookGallery.Tests\ComicBookGallery.Tests.csproj", "{FA745EE7-F423-4E90-9D3F-32D016F1ECC2}"
EndProject
Global
	GlobalSection(SolutionConfigurationPlatforms) = preSolution
		Debug|Any CPU = Debug|Any CPU
		Release|Any CPU = Release|Any CPU
	EndGlobalSection
	GlobalSection(ProjectConfigurationPlatforms) = postSolution
		{C63D7345-91B7-4EBB-B42A-9D7657199A1D}.Debug|Any CPU.ActiveCfg = Debug|Any CPU
		{C63D7345-91B7-4EBB-B42A-9D7657199A1D}.Debug|Any CPU.Build.0 = Debug|Any CPU
		{C63D7345-91B7-4EBB-B42A-9D7657199A1D}.Release|Any CPU.ActiveCfg = Release|Any CPU
		{C63D7345-91B7-4EBB-B42A-9D7657199A1D}.Release|Any CPU.Build.0 = Release|Any CPU
		{FA745EE7-F423-4E90-9D3F-32D016F1ECC2}.Debug|Any CPU.ActiveCfg = Debug|Any CPU
		{FA745EE7-F423-4E90-9D3F-32D016F1ECC2}.Debug|Any CPU.Build.0 = Debug|Any CPU
		{FA745EE7-F423-4E90-9D3F-32D016F1ECC2}.Release|Any CPU.ActiveCfg = Release|Any CPU
		{FA745EE7-F423-4E90-9D3F-32D016F1ECC2}.Release|Any CPU.Build.0 = Release|Any CPU
	EndGlobalSection
	GlobalSection(SolutionProperties) = preSolution
		HideSolutionNode = FALSE
	EndGlobalSection
	GlobalSection(ExtensibilityGlobals) = postSolution
		SolutionGuid = {FFFF863E-193E-4EAE-B2D2-C3BC4C75F40D}
	EndGlobalSection
EndGlobal
